// !$*UTF8*$!
{
	archiveVersion = 1;
	classes = {
	};
	objectVersion = 56;
	objects = {

/* Begin PBXBuildFile section */
		AB2916B329D34767009FF8AE /* Post Format.swift in Sources */ = {isa = PBXBuildFile; fileRef = AB2916B229D34767009FF8AE /* Post Format.swift */; };
		AB2916BD29D3D03C009FF8AE /* SocialMediaPostsTableViewCell.swift in Sources */ = {isa = PBXBuildFile; fileRef = AB2916BC29D3D03C009FF8AE /* SocialMediaPostsTableViewCell.swift */; };
		AB2916BF29D3E8CB009FF8AE /* PostsTableViewController.swift in Sources */ = {isa = PBXBuildFile; fileRef = AB2916BE29D3E8CB009FF8AE /* PostsTableViewController.swift */; };
		AB2916E729D48D42009FF8AE /* CommentsTableViewCell.swift in Sources */ = {isa = PBXBuildFile; fileRef = AB2916E629D48D42009FF8AE /* CommentsTableViewCell.swift */; };
		AB34DEED29A7D87F00A6DDA7 /* AppDelegate.swift in Sources */ = {isa = PBXBuildFile; fileRef = AB34DEEC29A7D87F00A6DDA7 /* AppDelegate.swift */; };
		AB34DEEF29A7D87F00A6DDA7 /* SceneDelegate.swift in Sources */ = {isa = PBXBuildFile; fileRef = AB34DEEE29A7D87F00A6DDA7 /* SceneDelegate.swift */; };
		AB34DEF129A7D87F00A6DDA7 /* ViewController.swift in Sources */ = {isa = PBXBuildFile; fileRef = AB34DEF029A7D87F00A6DDA7 /* ViewController.swift */; };
		AB34DEF429A7D87F00A6DDA7 /* Main.storyboard in Resources */ = {isa = PBXBuildFile; fileRef = AB34DEF229A7D87F00A6DDA7 /* Main.storyboard */; };
		AB34DEF629A7D88300A6DDA7 /* Assets.xcassets in Resources */ = {isa = PBXBuildFile; fileRef = AB34DEF529A7D88300A6DDA7 /* Assets.xcassets */; };
		AB34DEF929A7D88300A6DDA7 /* LaunchScreen.storyboard in Resources */ = {isa = PBXBuildFile; fileRef = AB34DEF729A7D88300A6DDA7 /* LaunchScreen.storyboard */; };
/* End PBXBuildFile section */

/* Begin PBXFileReference section */
		AB2916B229D34767009FF8AE /* Post Format.swift */ = {isa = PBXFileReference; lastKnownFileType = sourcecode.swift; path = "Post Format.swift"; sourceTree = "<group>"; };
		AB2916BC29D3D03C009FF8AE /* SocialMediaPostsTableViewCell.swift */ = {isa = PBXFileReference; lastKnownFileType = sourcecode.swift; path = SocialMediaPostsTableViewCell.swift; sourceTree = "<group>"; };
		AB2916BE29D3E8CB009FF8AE /* PostsTableViewController.swift */ = {isa = PBXFileReference; lastKnownFileType = sourcecode.swift; path = PostsTableViewController.swift; sourceTree = "<group>"; };
		AB2916E629D48D42009FF8AE /* CommentsTableViewCell.swift */ = {isa = PBXFileReference; lastKnownFileType = sourcecode.swift; path = CommentsTableViewCell.swift; sourceTree = "<group>"; };
		AB34DEE929A7D87F00A6DDA7 /* Tech Social Media App.app */ = {isa = PBXFileReference; explicitFileType = wrapper.application; includeInIndex = 0; path = "Tech Social Media App.app"; sourceTree = BUILT_PRODUCTS_DIR; };
		AB34DEEC29A7D87F00A6DDA7 /* AppDelegate.swift */ = {isa = PBXFileReference; lastKnownFileType = sourcecode.swift; path = AppDelegate.swift; sourceTree = "<group>"; };
		AB34DEEE29A7D87F00A6DDA7 /* SceneDelegate.swift */ = {isa = PBXFileReference; lastKnownFileType = sourcecode.swift; path = SceneDelegate.swift; sourceTree = "<group>"; };
		AB34DEF029A7D87F00A6DDA7 /* ViewController.swift */ = {isa = PBXFileReference; lastKnownFileType = sourcecode.swift; path = ViewController.swift; sourceTree = "<group>"; };
		AB34DEF329A7D87F00A6DDA7 /* Base */ = {isa = PBXFileReference; lastKnownFileType = file.storyboard; name = Base; path = Base.lproj/Main.storyboard; sourceTree = "<group>"; };
		AB34DEF529A7D88300A6DDA7 /* Assets.xcassets */ = {isa = PBXFileReference; lastKnownFileType = folder.assetcatalog; path = Assets.xcassets; sourceTree = "<group>"; };
		AB34DEF829A7D88300A6DDA7 /* Base */ = {isa = PBXFileReference; lastKnownFileType = file.storyboard; name = Base; path = Base.lproj/LaunchScreen.storyboard; sourceTree = "<group>"; };
		AB34DEFA29A7D88300A6DDA7 /* Info.plist */ = {isa = PBXFileReference; lastKnownFileType = text.plist.xml; path = Info.plist; sourceTree = "<group>"; };
/* End PBXFileReference section */

/* Begin PBXFrameworksBuildPhase section */
		AB34DEE629A7D87F00A6DDA7 /* Frameworks */ = {
			isa = PBXFrameworksBuildPhase;
			buildActionMask = 2147483647;
			files = (
			);
			runOnlyForDeploymentPostprocessing = 0;
		};
/* End PBXFrameworksBuildPhase section */

/* Begin PBXGroup section */
		AB34DEE029A7D87F00A6DDA7 = {
			isa = PBXGroup;
			children = (
				AB34DEEB29A7D87F00A6DDA7 /* Tech Social Media App */,
				AB34DEEA29A7D87F00A6DDA7 /* Products */,
			);
			sourceTree = "<group>";
		};
		AB34DEEA29A7D87F00A6DDA7 /* Products */ = {
			isa = PBXGroup;
			children = (
				AB34DEE929A7D87F00A6DDA7 /* Tech Social Media App.app */,
			);
			name = Products;
			sourceTree = "<group>";
		};
		AB34DEEB29A7D87F00A6DDA7 /* Tech Social Media App */ = {
			isa = PBXGroup;
			children = (
				AB34DEEC29A7D87F00A6DDA7 /* AppDelegate.swift */,
				AB34DEEE29A7D87F00A6DDA7 /* SceneDelegate.swift */,
				AB34DEF029A7D87F00A6DDA7 /* ViewController.swift */,
				AB34DEF229A7D87F00A6DDA7 /* Main.storyboard */,
				AB2916E629D48D42009FF8AE /* CommentsTableViewCell.swift */,
				AB2916BE29D3E8CB009FF8AE /* PostsTableViewController.swift */,
				AB2916B229D34767009FF8AE /* Post Format.swift */,
				AB2916BC29D3D03C009FF8AE /* SocialMediaPostsTableViewCell.swift */,
				AB34DEF529A7D88300A6DDA7 /* Assets.xcassets */,
				AB34DEF729A7D88300A6DDA7 /* LaunchScreen.storyboard */,
				AB34DEFA29A7D88300A6DDA7 /* Info.plist */,
			);
			path = "Tech Social Media App";
			sourceTree = "<group>";
		};
/* End PBXGroup section */

/* Begin PBXNativeTarget section */
		AB34DEE829A7D87F00A6DDA7 /* Tech Social Media App */ = {
			isa = PBXNativeTarget;
			buildConfigurationList = AB34DEFD29A7D88300A6DDA7 /* Build configuration list for PBXNativeTarget "Tech Social Media App" */;
			buildPhases = (
				AB34DEE529A7D87F00A6DDA7 /* Sources */,
				AB34DEE629A7D87F00A6DDA7 /* Frameworks */,
				AB34DEE729A7D87F00A6DDA7 /* Resources */,
			);
			buildRules = (
			);
			dependencies = (
			);
			name = "Tech Social Media App";
			productName = "Tech Social Media App";
			productReference = AB34DEE929A7D87F00A6DDA7 /* Tech Social Media App.app */;
			productType = "com.apple.product-type.application";
		};
/* End PBXNativeTarget section */

/* Begin PBXProject section */
		AB34DEE129A7D87F00A6DDA7 /* Project object */ = {
			isa = PBXProject;
			attributes = {
				BuildIndependentTargetsInParallel = 1;
				LastSwiftUpdateCheck = 1420;
				LastUpgradeCheck = 1420;
				TargetAttributes = {
					AB34DEE829A7D87F00A6DDA7 = {
						CreatedOnToolsVersion = 14.2;
					};
				};
			};
			buildConfigurationList = AB34DEE429A7D87F00A6DDA7 /* Build configuration list for PBXProject "Tech Social Media App" */;
			compatibilityVersion = "Xcode 14.0";
			developmentRegion = en;
			hasScannedForEncodings = 0;
			knownRegions = (
				en,
				Base,
			);
			mainGroup = AB34DEE029A7D87F00A6DDA7;
			productRefGroup = AB34DEEA29A7D87F00A6DDA7 /* Products */;
			projectDirPath = "";
			projectRoot = "";
			targets = (
				AB34DEE829A7D87F00A6DDA7 /* Tech Social Media App */,
			);
		};
/* End PBXProject section */

/* Begin PBXResourcesBuildPhase section */
		AB34DEE729A7D87F00A6DDA7 /* Resources */ = {
			isa = PBXResourcesBuildPhase;
			buildActionMask = 2147483647;
			files = (
				AB34DEF929A7D88300A6DDA7 /* LaunchScreen.storyboard in Resources */,
				AB34DEF629A7D88300A6DDA7 /* Assets.xcassets in Resources */,
				AB34DEF429A7D87F00A6DDA7 /* Main.storyboard in Resources */,
			);
			runOnlyForDeploymentPostprocessing = 0;
		};
/* End PBXResourcesBuildPhase section */

/* Begin PBXSourcesBuildPhase section */
		AB34DEE529A7D87F00A6DDA7 /* Sources */ = {
			isa = PBXSourcesBuildPhase;
			buildActionMask = 2147483647;
			files = (
				AB34DEF129A7D87F00A6DDA7 /* ViewController.swift in Sources */,
				AB2916BD29D3D03C009FF8AE /* SocialMediaPostsTableViewCell.swift in Sources */,
				AB34DEED29A7D87F00A6DDA7 /* AppDelegate.swift in Sources */,
				AB34DEEF29A7D87F00A6DDA7 /* SceneDelegate.swift in Sources */,
				AB2916B329D34767009FF8AE /* Post Format.swift in Sources */,
				AB2916BF29D3E8CB009FF8AE /* PostsTableViewController.swift in Sources */,
				AB2916E729D48D42009FF8AE /* CommentsTableViewCell.swift in Sources */,
			);
			runOnlyForDeploymentPostprocessing = 0;
		};
/* End PBXSourcesBuildPhase section */

/* Begin PBXVariantGroup section */
		AB34DEF229A7D87F00A6DDA7 /* Main.storyboard */ = {
			isa = PBXVariantGroup;
			children = (
				AB34DEF329A7D87F00A6DDA7 /* Base */,
			);
			name = Main.storyboard;
			sourceTree = "<group>";
		};
		AB34DEF729A7D88300A6DDA7 /* LaunchScreen.storyboard */ = {
			isa = PBXVariantGroup;
			children = (
				AB34DEF829A7D88300A6DDA7 /* Base */,
			);
			name = LaunchScreen.storyboard;
			sourceTree = "<group>";
		};
/* End PBXVariantGroup section */

/* Begin XCBuildConfiguration section */
		AB34DEFB29A7D88300A6DDA7 /* Debug */ = {
			isa = XCBuildConfiguration;
			buildSettings = {
				ALWAYS_SEARCH_USER_PATHS = NO;
				CLANG_ANALYZER_NONNULL = YES;
				CLANG_ANALYZER_NUMBER_OBJECT_CONVERSION = YES_AGGRESSIVE;
				CLANG_CXX_LANGUAGE_STANDARD = "gnu++20";
				CLANG_ENABLE_MODULES = YES;
				CLANG_ENABLE_OBJC_ARC = YES;
				CLANG_ENABLE_OBJC_WEAK = YES;
				CLANG_WARN_BLOCK_CAPTURE_AUTORELEASING = YES;
				CLANG_WARN_BOOL_CONVERSION = YES;
				CLANG_WARN_COMMA = YES;
				CLANG_WARN_CONSTANT_CONVERSION = YES;
				CLANG_WARN_DEPRECATED_OBJC_IMPLEMENTATIONS = YES;
				CLANG_WARN_DIRECT_OBJC_ISA_USAGE = YES_ERROR;
				CLANG_WARN_DOCUMENTATION_COMMENTS = YES;
				CLANG_WARN_EMPTY_BODY = YES;
				CLANG_WARN_ENUM_CONVERSION = YES;
				CLANG_WARN_INFINITE_RECURSION = YES;
				CLANG_WARN_INT_CONVERSION = YES;
				CLANG_WARN_NON_LITERAL_NULL_CONVERSION = YES;
				CLANG_WARN_OBJC_IMPLICIT_RETAIN_SELF = YES;
				CLANG_WARN_OBJC_LITERAL_CONVERSION = YES;
				CLANG_WARN_OBJC_ROOT_CLASS = YES_ERROR;
				CLANG_WARN_QUOTED_INCLUDE_IN_FRAMEWORK_HEADER = YES;
				CLANG_WARN_RANGE_LOOP_ANALYSIS = YES;
				CLANG_WARN_STRICT_PROTOTYPES = YES;
				CLANG_WARN_SUSPICIOUS_MOVE = YES;
				CLANG_WARN_UNGUARDED_AVAILABILITY = YES_AGGRESSIVE;
				CLANG_WARN_UNREACHABLE_CODE = YES;
				CLANG_WARN__DUPLICATE_METHOD_MATCH = YES;
				COPY_PHASE_STRIP = NO;
				DEBUG_INFORMATION_FORMAT = dwarf;
				ENABLE_STRICT_OBJC_MSGSEND = YES;
				ENABLE_TESTABILITY = YES;
				GCC_C_LANGUAGE_STANDARD = gnu11;
				GCC_DYNAMIC_NO_PIC = NO;
				GCC_NO_COMMON_BLOCKS = YES;
				GCC_OPTIMIZATION_LEVEL = 0;
				GCC_PREPROCESSOR_DEFINITIONS = (
					"DEBUG=1",
					"$(inherited)",
				);
				GCC_WARN_64_TO_32_BIT_CONVERSION = YES;
				GCC_WARN_ABOUT_RETURN_TYPE = YES_ERROR;
				GCC_WARN_UNDECLARED_SELECTOR = YES;
				GCC_WARN_UNINITIALIZED_AUTOS = YES_AGGRESSIVE;
				GCC_WARN_UNUSED_FUNCTION = YES;
				GCC_WARN_UNUSED_VARIABLE = YES;
				IPHONEOS_DEPLOYMENT_TARGET = 16.2;
				MTL_ENABLE_DEBUG_INFO = INCLUDE_SOURCE;
				MTL_FAST_MATH = YES;
				ONLY_ACTIVE_ARCH = YES;
				SDKROOT = iphoneos;
				SWIFT_ACTIVE_COMPILATION_CONDITIONS = DEBUG;
				SWIFT_OPTIMIZATION_LEVEL = "-Onone";
			};
			name = Debug;
		};
		AB34DEFC29A7D88300A6DDA7 /* Release */ = {
			isa = XCBuildConfiguration;
			buildSettings = {
				ALWAYS_SEARCH_USER_PATHS = NO;
				CLANG_ANALYZER_NONNULL = YES;
				CLANG_ANALYZER_NUMBER_OBJECT_CONVERSION = YES_AGGRESSIVE;
				CLANG_CXX_LANGUAGE_STANDARD = "gnu++20";
				CLANG_ENABLE_MODULES = YES;
				CLANG_ENABLE_OBJC_ARC = YES;
				CLANG_ENABLE_OBJC_WEAK = YES;
				CLANG_WARN_BLOCK_CAPTURE_AUTORELEASING = YES;
				CLANG_WARN_BOOL_CONVERSION = YES;
				CLANG_WARN_COMMA = YES;
				CLANG_WARN_CONSTANT_CONVERSION = YES;
				CLANG_WARN_DEPRECATED_OBJC_IMPLEMENTATIONS = YES;
				CLANG_WARN_DIRECT_OBJC_ISA_USAGE = YES_ERROR;
				CLANG_WARN_DOCUMENTATION_COMMENTS = YES;
				CLANG_WARN_EMPTY_BODY = YES;
				CLANG_WARN_ENUM_CONVERSION = YES;
				CLANG_WARN_INFINITE_RECURSION = YES;
				CLANG_WARN_INT_CONVERSION = YES;
				CLANG_WARN_NON_LITERAL_NULL_CONVERSION = YES;
				CLANG_WARN_OBJC_IMPLICIT_RETAIN_SELF = YES;
				CLANG_WARN_OBJC_LITERAL_CONVERSION = YES;
				CLANG_WARN_OBJC_ROOT_CLASS = YES_ERROR;
				CLANG_WARN_QUOTED_INCLUDE_IN_FRAMEWORK_HEADER = YES;
				CLANG_WARN_RANGE_LOOP_ANALYSIS = YES;
				CLANG_WARN_STRICT_PROTOTYPES = YES;
				CLANG_WARN_SUSPICIOUS_MOVE = YES;
				CLANG_WARN_UNGUARDED_AVAILABILITY = YES_AGGRESSIVE;
				CLANG_WARN_UNREACHABLE_CODE = YES;
				CLANG_WARN__DUPLICATE_METHOD_MATCH = YES;
				COPY_PHASE_STRIP = NO;
				DEBUG_INFORMATION_FORMAT = "dwarf-with-dsym";
				ENABLE_NS_ASSERTIONS = NO;
				ENABLE_STRICT_OBJC_MSGSEND = YES;
				GCC_C_LANGUAGE_STANDARD = gnu11;
				GCC_NO_COMMON_BLOCKS = YES;
				GCC_WARN_64_TO_32_BIT_CONVERSION = YES;
				GCC_WARN_ABOUT_RETURN_TYPE = YES_ERROR;
				GCC_WARN_UNDECLARED_SELECTOR = YES;
				GCC_WARN_UNINITIALIZED_AUTOS = YES_AGGRESSIVE;
				GCC_WARN_UNUSED_FUNCTION = YES;
				GCC_WARN_UNUSED_VARIABLE = YES;
				IPHONEOS_DEPLOYMENT_TARGET = 16.2;
				MTL_ENABLE_DEBUG_INFO = NO;
				MTL_FAST_MATH = YES;
				SDKROOT = iphoneos;
				SWIFT_COMPILATION_MODE = wholemodule;
				SWIFT_OPTIMIZATION_LEVEL = "-O";
				VALIDATE_PRODUCT = YES;
			};
			name = Release;
		};
		AB34DEFE29A7D88300A6DDA7 /* Debug */ = {
			isa = XCBuildConfiguration;
			buildSettings = {
				ASSETCATALOG_COMPILER_APPICON_NAME = AppIcon;
				ASSETCATALOG_COMPILER_GLOBAL_ACCENT_COLOR_NAME = AccentColor;
				CODE_SIGN_STYLE = Automatic;
				CURRENT_PROJECT_VERSION = 1;
				DEVELOPMENT_TEAM = 6Y4CXR7524;
				GENERATE_INFOPLIST_FILE = YES;
				INFOPLIST_FILE = "Tech Social Media App/Info.plist";
				INFOPLIST_KEY_UIApplicationSupportsIndirectInputEvents = YES;
				INFOPLIST_KEY_UILaunchStoryboardName = LaunchScreen;
				INFOPLIST_KEY_UIMainStoryboardFile = Main;
				INFOPLIST_KEY_UISupportedInterfaceOrientations_iPad = "UIInterfaceOrientationPortrait UIInterfaceOrientationPortraitUpsideDown UIInterfaceOrientationLandscapeLeft UIInterfaceOrientationLandscapeRight";
				INFOPLIST_KEY_UISupportedInterfaceOrientations_iPhone = "UIInterfaceOrientationPortrait UIInterfaceOrientationLandscapeLeft UIInterfaceOrientationLandscapeRight";
				LD_RUNPATH_SEARCH_PATHS = (
					"$(inherited)",
					"@executable_path/Frameworks",
				);
				MARKETING_VERSION = 1.0;
				PRODUCT_BUNDLE_IDENTIFIER = "XcodePractice1-17-23.Tech-Social-Media-App";
				PRODUCT_NAME = "$(TARGET_NAME)";
				SWIFT_EMIT_LOC_STRINGS = YES;
				SWIFT_VERSION = 5.0;
				TARGETED_DEVICE_FAMILY = "1,2";
			};
			name = Debug;
		};
		AB34DEFF29A7D88300A6DDA7 /* Release */ = {
			isa = XCBuildConfiguration;
			buildSettings = {
				ASSETCATALOG_COMPILER_APPICON_NAME = AppIcon;
				ASSETCATALOG_COMPILER_GLOBAL_ACCENT_COLOR_NAME = AccentColor;
				CODE_SIGN_STYLE = Automatic;
				CURRENT_PROJECT_VERSION = 1;
				DEVELOPMENT_TEAM = 6Y4CXR7524;
				GENERATE_INFOPLIST_FILE = YES;
				INFOPLIST_FILE = "Tech Social Media App/Info.plist";
				INFOPLIST_KEY_UIApplicationSupportsIndirectInputEvents = YES;
				INFOPLIST_KEY_UILaunchStoryboardName = LaunchScreen;
				INFOPLIST_KEY_UIMainStoryboardFile = Main;
				INFOPLIST_KEY_UISupportedInterfaceOrientations_iPad = "UIInterfaceOrientationPortrait UIInterfaceOrientationPortraitUpsideDown UIInterfaceOrientationLandscapeLeft UIInterfaceOrientationLandscapeRight";
				INFOPLIST_KEY_UISupportedInterfaceOrientations_iPhone = "UIInterfaceOrientationPortrait UIInterfaceOrientationLandscapeLeft UIInterfaceOrientationLandscapeRight";
				LD_RUNPATH_SEARCH_PATHS = (
					"$(inherited)",
					"@executable_path/Frameworks",
				);
				MARKETING_VERSION = 1.0;
				PRODUCT_BUNDLE_IDENTIFIER = "XcodePractice1-17-23.Tech-Social-Media-App";
				PRODUCT_NAME = "$(TARGET_NAME)";
				SWIFT_EMIT_LOC_STRINGS = YES;
				SWIFT_VERSION = 5.0;
				TARGETED_DEVICE_FAMILY = "1,2";
			};
			name = Release;
		};
/* End XCBuildConfiguration section */

/* Begin XCConfigurationList section */
		AB34DEE429A7D87F00A6DDA7 /* Build configuration list for PBXProject "Tech Social Media App" */ = {
			isa = XCConfigurationList;
			buildConfigurations = (
				AB34DEFB29A7D88300A6DDA7 /* Debug */,
				AB34DEFC29A7D88300A6DDA7 /* Release */,
			);
			defaultConfigurationIsVisible = 0;
			defaultConfigurationName = Release;
		};
		AB34DEFD29A7D88300A6DDA7 /* Build configuration list for PBXNativeTarget "Tech Social Media App" */ = {
			isa = XCConfigurationList;
			buildConfigurations = (
				AB34DEFE29A7D88300A6DDA7 /* Debug */,
				AB34DEFF29A7D88300A6DDA7 /* Release */,
			);
			defaultConfigurationIsVisible = 0;
			defaultConfigurationName = Release;
		};
/* End XCConfigurationList section */
	};
	rootObject = AB34DEE129A7D87F00A6DDA7 /* Project object */;
}
